{
  "name": "glbutils",
  "version": "1.3.1",
  "lockfileVersion": 1,
  "requires": true,
  "dependencies": {
    "ajv": {
      "version": "5.5.2",
      "resolved": "https://registry.npmjs.org/ajv/-/ajv-5.5.2.tgz",
      "integrity": "sha1-c7Xuyj+rZT49P5Qis0GtQiBdyWU=",
      "requires": {
        "co": "4.6.0",
        "fast-deep-equal": "1.0.0",
        "fast-json-stable-stringify": "2.0.0",
        "json-schema-traverse": "0.3.1"
      }
    },
    "ansi-escape-sequences": {
      "version": "4.0.0",
      "resolved": "https://registry.npmjs.org/ansi-escape-sequences/-/ansi-escape-sequences-4.0.0.tgz",
      "integrity": "sha512-v+0wW9Wezwsyb0uF4aBVCjmSqit3Ru7PZFziGF0o2KwTvN2zWfTi3BRLq9EkJFdg3eBbyERXGTntVpBxH1J68Q==",
      "requires": {
        "array-back": "2.0.0"
      }
    },
    "ansi-regex": {
      "version": "3.0.0",
      "resolved": "https://registry.npmjs.org/ansi-regex/-/ansi-regex-3.0.0.tgz",
      "integrity": "sha1-7QMXwyIGT3lGbAKWa922Bas32Zg="
    },
    "array-back": {
      "version": "2.0.0",
      "resolved": "https://registry.npmjs.org/array-back/-/array-back-2.0.0.tgz",
      "integrity": "sha512-eJv4pLLufP3g5kcZry0j6WXpIbzYw9GUB4mVJZno9wfwiBxbizTnHCw3VJb07cBihbFX48Y7oSrW9y+gt4glyw==",
      "requires": {
        "typical": "2.6.1"
      }
    },
    "asn1": {
      "version": "0.2.3",
      "resolved": "https://registry.npmjs.org/asn1/-/asn1-0.2.3.tgz",
      "integrity": "sha1-2sh4dxPJlmhJ/IGAd36+nB3fO4Y="
    },
    "assert-plus": {
      "version": "1.0.0",
      "resolved": "https://registry.npmjs.org/assert-plus/-/assert-plus-1.0.0.tgz",
      "integrity": "sha1-8S4PPF13sLHN2RRpQuTpbB5N1SU="
    },
    "asynckit": {
      "version": "0.4.0",
      "resolved": "https://registry.npmjs.org/asynckit/-/asynckit-0.4.0.tgz",
      "integrity": "sha1-x57Zf380y48robyXkLzDZkdLS3k="
    },
    "aws-sign2": {
      "version": "0.7.0",
      "resolved": "https://registry.npmjs.org/aws-sign2/-/aws-sign2-0.7.0.tgz",
      "integrity": "sha1-tG6JCTSpWR8tL2+G1+ap8bP+dqg="
    },
    "aws4": {
      "version": "1.6.0",
      "resolved": "https://registry.npmjs.org/aws4/-/aws4-1.6.0.tgz",
      "integrity": "sha1-g+9cqGCysy5KDe7e6MdxudtXRx4="
    },
    "balanced-match": {
      "version": "1.0.0",
      "resolved": "https://registry.npmjs.org/balanced-match/-/balanced-match-1.0.0.tgz",
      "integrity": "sha1-ibTRmasr7kneFk6gK4nORi1xt2c="
    },
    "bcrypt-pbkdf": {
      "version": "1.0.1",
      "resolved": "https://registry.npmjs.org/bcrypt-pbkdf/-/bcrypt-pbkdf-1.0.1.tgz",
      "integrity": "sha1-Y7xdy2EzG5K8Bf1SiVPDNGKgb40=",
      "optional": true,
      "requires": {
        "tweetnacl": "0.14.5"
      }
    },
    "blob-to-buffer": {
      "version": "1.2.7",
      "resolved": "https://registry.npmjs.org/blob-to-buffer/-/blob-to-buffer-1.2.7.tgz",
      "integrity": "sha512-IxU6RVzH4cekdAiLbsUIC3fd11fA1c+FoD/+7PTTGejYe3Q8Y++TcR8tXt+1CYG4veMzGI2uMeIismNgqIMq9w=="
    },
    "boom": {
      "version": "4.3.1",
      "resolved": "https://registry.npmjs.org/boom/-/boom-4.3.1.tgz",
      "integrity": "sha1-T4owBctKfjiJ90kDD9JbluAdLjE=",
      "requires": {
        "hoek": "4.2.1"
      }
    },
    "brace-expansion": {
      "version": "1.1.11",
      "resolved": "https://registry.npmjs.org/brace-expansion/-/brace-expansion-1.1.11.tgz",
      "integrity": "sha512-iCuPHDFgrHX7H2vEI/5xpz07zSHB00TpugqhmYtVmMO6518mCuRMoOYFldEBl0g187ufozdaHgWKcYFb61qGiA==",
      "requires": {
        "balanced-match": "1.0.0",
        "concat-map": "0.0.1"
      }
    },
    "browser-stdout": {
      "version": "1.3.0",
      "resolved": "https://registry.npmjs.org/browser-stdout/-/browser-stdout-1.3.0.tgz",
      "integrity": "sha512-7Rfk377tpSM9TWBEeHs0FlDZGoAIei2V/4MdZJoFMBFAK6BqLpxAIUepGRHGdPFgGsLb02PXovC4qddyHvQqTg==",
      "dev": true
    },
    "camelcase": {
      "version": "4.1.0",
      "resolved": "https://registry.npmjs.org/camelcase/-/camelcase-4.1.0.tgz",
      "integrity": "sha1-1UVjW+HjPFQmScaRc+Xeas+uNN0="
    },
    "caseless": {
      "version": "0.12.0",
      "resolved": "https://registry.npmjs.org/caseless/-/caseless-0.12.0.tgz",
      "integrity": "sha1-G2gcIf+EAzyCZUMJBolCDRhxUdw="
    },
    "cliss": {
      "version": "0.0.2",
      "resolved": "https://registry.npmjs.org/cliss/-/cliss-0.0.2.tgz",
      "integrity": "sha512-6rj9pgdukjT994Md13JCUAgTk91abAKrygL9sAvmHY4F6AKMOV8ccGaxhUUfcBuyg3sundWnn3JE0Mc9W6ZYqw==",
      "requires": {
        "command-line-usage": "4.1.0",
        "deepmerge": "2.0.1",
        "get-stdin": "5.0.1",
        "inspect-parameters-declaration": "0.0.9",
        "object-to-arguments": "0.0.8",
        "pipe-functions": "1.3.0",
        "strip-ansi": "4.0.0",
        "yargs-parser": "7.0.0"
      }
    },
    "co": {
      "version": "4.6.0",
      "resolved": "https://registry.npmjs.org/co/-/co-4.6.0.tgz",
      "integrity": "sha1-bqa989hTrlTMuOR7+gvz+QMfsYQ="
    },
    "combined-stream": {
      "version": "1.0.6",
      "resolved": "https://registry.npmjs.org/combined-stream/-/combined-stream-1.0.6.tgz",
      "integrity": "sha1-cj599ugBrFYTETp+RFqbactjKBg=",
      "requires": {
        "delayed-stream": "1.0.0"
      }
    },
    "command-line-args": {
      "version": "4.0.7",
      "resolved": "https://registry.npmjs.org/command-line-args/-/command-line-args-4.0.7.tgz",
      "integrity": "sha512-aUdPvQRAyBvQd2n7jXcsMDz68ckBJELXNzBybCHOibUWEg0mWTnaYCSRU8h9R+aNRSvDihJtssSRCiDRpLaezA==",
      "requires": {
        "array-back": "2.0.0",
        "find-replace": "1.0.3",
        "typical": "2.6.1"
      }
    },
    "command-line-usage": {
      "version": "4.1.0",
      "resolved": "https://registry.npmjs.org/command-line-usage/-/command-line-usage-4.1.0.tgz",
      "integrity": "sha512-MxS8Ad995KpdAC0Jopo/ovGIroV/m0KHwzKfXxKag6FHOkGsH8/lv5yjgablcRxCJJC0oJeUMuO/gmaq+Wq46g==",
      "requires": {
        "ansi-escape-sequences": "4.0.0",
        "array-back": "2.0.0",
        "table-layout": "0.4.2",
        "typical": "2.6.1"
      }
    },
    "commander": {
      "version": "2.14.1",
      "resolved": "https://registry.npmjs.org/commander/-/commander-2.14.1.tgz",
      "integrity": "sha512-+YR16o3rK53SmWHU3rEM3tPAh2rwb1yPcQX5irVn7mb0gXbwuCCrnkbV5+PBfETdfg1vui07nM6PCG1zndcjQw=="
    },
    "concat-map": {
      "version": "0.0.1",
      "resolved": "https://registry.npmjs.org/concat-map/-/concat-map-0.0.1.tgz",
      "integrity": "sha1-2Klr13/Wjfd5OnMDajug1UBdR3s="
    },
    "copy-paste": {
      "version": "1.3.0",
      "resolved": "https://registry.npmjs.org/copy-paste/-/copy-paste-1.3.0.tgz",
      "integrity": "sha1-p+bEocKP3t8rCB5yuX3y75X0ce0=",
      "requires": {
        "iconv-lite": "0.4.19",
        "sync-exec": "0.6.2"
      }
    },
    "core-util-is": {
      "version": "1.0.2",
      "resolved": "https://registry.npmjs.org/core-util-is/-/core-util-is-1.0.2.tgz",
      "integrity": "sha1-tf1UIgqivFq1eqtxQMlAdUUDwac="
    },
    "cryptiles": {
      "version": "3.1.2",
      "resolved": "https://registry.npmjs.org/cryptiles/-/cryptiles-3.1.2.tgz",
      "integrity": "sha1-qJ+7Ig9c4l7FboxKqKT9e1sNKf4=",
      "requires": {
        "boom": "5.2.0"
      },
      "dependencies": {
        "boom": {
          "version": "5.2.0",
          "resolved": "https://registry.npmjs.org/boom/-/boom-5.2.0.tgz",
          "integrity": "sha512-Z5BTk6ZRe4tXXQlkqftmsAUANpXmuwlsF5Oov8ThoMbQRzdGTA1ngYRW160GexgOgjsFOKJz0LYhoNi+2AMBUw==",
          "requires": {
            "hoek": "4.2.1"
          }
        }
      }
    },
    "dashdash": {
      "version": "1.14.1",
      "resolved": "https://registry.npmjs.org/dashdash/-/dashdash-1.14.1.tgz",
      "integrity": "sha1-hTz6D3y+L+1d4gMmuN1YEDX24vA=",
      "requires": {
        "assert-plus": "1.0.0"
      }
    },
    "debug": {
      "version": "3.1.0",
      "resolved": "https://registry.npmjs.org/debug/-/debug-3.1.0.tgz",
      "integrity": "sha512-OX8XqP7/1a9cqkxYw2yXss15f26NKWBpDXQd0/uK/KPqdQhxbPa994hnzjcE2VqQpDslf55723cKPUOGSmMY3g==",
      "dev": true,
      "requires": {
        "ms": "2.0.0"
      }
    },
    "deep-extend": {
      "version": "0.5.0",
      "resolved": "https://registry.npmjs.org/deep-extend/-/deep-extend-0.5.0.tgz",
      "integrity": "sha1-bvSgmwX5iw41jW2T1Mo8rsZnKAM="
    },
    "deepmerge": {
      "version": "2.0.1",
      "resolved": "https://registry.npmjs.org/deepmerge/-/deepmerge-2.0.1.tgz",
      "integrity": "sha512-VIPwiMJqJ13ZQfaCsIFnp5Me9tnjURiaIFxfz7EH0Ci0dTSQpZtSLrqOicXqEd/z2r+z+Klk9GzmnRsgpgbOsQ=="
    },
    "delayed-stream": {
      "version": "1.0.0",
      "resolved": "https://registry.npmjs.org/delayed-stream/-/delayed-stream-1.0.0.tgz",
      "integrity": "sha1-3zrhmayt+31ECqrgsp4icrJOxhk="
    },
    "diff": {
      "version": "3.3.1",
      "resolved": "https://registry.npmjs.org/diff/-/diff-3.3.1.tgz",
      "integrity": "sha512-MKPHZDMB0o6yHyDryUOScqZibp914ksXwAMYMTHj6KO8UeKsRYNJD3oNCKjTqZon+V488P7N/HzXF8t7ZR95ww==",
      "dev": true
    },
    "draco3d": {
      "version": "1.1.0",
      "resolved": "https://registry.npmjs.org/draco3d/-/draco3d-1.1.0.tgz",
      "integrity": "sha1-WoLtGI6ei+IxzpioJCECOlZCn1E="
    },
    "drag-drop": {
      "version": "2.13.2",
      "resolved": "https://registry.npmjs.org/drag-drop/-/drag-drop-2.13.2.tgz",
      "integrity": "sha1-oB/0RZEj9a4KjIvZuzjGJcy4FVA=",
      "requires": {
        "blob-to-buffer": "1.2.7",
        "flatten": "1.0.2",
        "run-parallel": "1.1.7"
      }
    },
    "ecc-jsbn": {
      "version": "0.1.1",
      "resolved": "https://registry.npmjs.org/ecc-jsbn/-/ecc-jsbn-0.1.1.tgz",
      "integrity": "sha1-D8c6ntXw1Tw4GTOYUj735UN3dQU=",
      "optional": true,
      "requires": {
        "jsbn": "0.1.1"
      }
    },
    "escape-string-regexp": {
      "version": "1.0.5",
      "resolved": "https://registry.npmjs.org/escape-string-regexp/-/escape-string-regexp-1.0.5.tgz",
      "integrity": "sha512-vbRorB5FUQWvla16U8R/qgaFIya2qGzwDrNmCZuYKrbdSUMG6I1ZCGQRefkRVhuOkIGVne7BQ35DSfo1qvJqFg==",
      "dev": true
    },
    "extend": {
      "version": "3.0.1",
      "resolved": "https://registry.npmjs.org/extend/-/extend-3.0.1.tgz",
      "integrity": "sha1-p1Xqe8Gt/MWjHOfnYtuq3F5jZEQ="
    },
    "extsprintf": {
      "version": "1.3.0",
      "resolved": "https://registry.npmjs.org/extsprintf/-/extsprintf-1.3.0.tgz",
      "integrity": "sha1-lpGEQOMEGnpBT4xS48V06zw+HgU="
    },
    "fast-deep-equal": {
      "version": "1.0.0",
      "resolved": "https://registry.npmjs.org/fast-deep-equal/-/fast-deep-equal-1.0.0.tgz",
      "integrity": "sha1-liVqO8l1WV6zbYLpkp0GDYk0Of8="
    },
    "fast-json-stable-stringify": {
      "version": "2.0.0",
      "resolved": "https://registry.npmjs.org/fast-json-stable-stringify/-/fast-json-stable-stringify-2.0.0.tgz",
      "integrity": "sha1-1RQsDK7msRifh9OnYREGT4bIu/I="
    },
    "find-replace": {
      "version": "1.0.3",
      "resolved": "https://registry.npmjs.org/find-replace/-/find-replace-1.0.3.tgz",
      "integrity": "sha1-uI5zZNLZyVlVnziMZmcNYTBEH6A=",
      "requires": {
        "array-back": "1.0.4",
        "test-value": "2.1.0"
      },
      "dependencies": {
        "array-back": {
          "version": "1.0.4",
          "resolved": "https://registry.npmjs.org/array-back/-/array-back-1.0.4.tgz",
          "integrity": "sha1-ZEun8JX3/898Q7Xw3DnTwfA8Bjs=",
          "requires": {
            "typical": "2.6.1"
          }
        }
      }
    },
    "find-up": {
      "version": "2.1.0",
      "resolved": "https://registry.npmjs.org/find-up/-/find-up-2.1.0.tgz",
      "integrity": "sha1-RdG35QbHF93UgndaK3eSCjwMV6c=",
      "requires": {
        "locate-path": "2.0.0"
      }
    },
    "flatten": {
      "version": "1.0.2",
      "resolved": "https://registry.npmjs.org/flatten/-/flatten-1.0.2.tgz",
      "integrity": "sha1-2uRqnXj74lKSJYzB54CkHZXAN4I="
    },
    "for-each-property": {
      "version": "0.0.4",
      "resolved": "https://registry.npmjs.org/for-each-property/-/for-each-property-0.0.4.tgz",
      "integrity": "sha1-z6hXrsFCLh0Sb/CHhPz2Jim8g/Y=",
      "requires": {
        "get-prototype-chain": "1.0.1"
      }
    },
    "for-each-property-deep": {
      "version": "0.0.3",
      "resolved": "https://registry.npmjs.org/for-each-property-deep/-/for-each-property-deep-0.0.3.tgz",
      "integrity": "sha1-MTCaSvw4qcygbxsiP1PWSm0IP60=",
      "requires": {
        "for-each-property": "0.0.4"
      }
    },
    "forever-agent": {
      "version": "0.6.1",
      "resolved": "https://registry.npmjs.org/forever-agent/-/forever-agent-0.6.1.tgz",
      "integrity": "sha1-+8cfDEGt6zf5bFd60e1C2P2sypE="
    },
    "form-data": {
      "version": "2.3.2",
      "resolved": "https://registry.npmjs.org/form-data/-/form-data-2.3.2.tgz",
      "integrity": "sha1-SXBJi+YEwgwAXU9cI67NIda0kJk=",
      "requires": {
        "asynckit": "0.4.0",
        "combined-stream": "1.0.6",
        "mime-types": "2.1.18"
      }
    },
    "fs-extra": {
      "version": "0.26.7",
      "resolved": "https://registry.npmjs.org/fs-extra/-/fs-extra-0.26.7.tgz",
      "integrity": "sha1-muH92UiXeY7at20JGM9C0MMYT6k=",
      "requires": {
        "graceful-fs": "4.1.11",
        "jsonfile": "2.4.0",
        "klaw": "1.3.1",
        "path-is-absolute": "1.0.1",
        "rimraf": "2.6.2"
      }
    },
    "fs.realpath": {
      "version": "1.0.0",
      "resolved": "https://registry.npmjs.org/fs.realpath/-/fs.realpath-1.0.0.tgz",
      "integrity": "sha1-FQStJSMVjKpA20onh8sBQRmU6k8="
    },
    "get-prototype-chain": {
      "version": "1.0.1",
      "resolved": "https://registry.npmjs.org/get-prototype-chain/-/get-prototype-chain-1.0.1.tgz",
      "integrity": "sha1-oXGhFeoeSQbG7ThDofABwYUQQW8="
    },
    "get-stdin": {
      "version": "5.0.1",
      "resolved": "https://registry.npmjs.org/get-stdin/-/get-stdin-5.0.1.tgz",
      "integrity": "sha1-Ei4WFZHiH/TFJTAwVpPyDmOTo5g="
    },
    "getpass": {
      "version": "0.1.7",
      "resolved": "https://registry.npmjs.org/getpass/-/getpass-0.1.7.tgz",
      "integrity": "sha1-Xv+OPmhNVprkyysSgmBOi6YhSfo=",
      "requires": {
        "assert-plus": "1.0.0"
      }
    },
    "glob": {
      "version": "7.1.2",
      "resolved": "https://registry.npmjs.org/glob/-/glob-7.1.2.tgz",
      "integrity": "sha512-MJTUg1kjuLeQCJ+ccE4Vpa6kKVXkPYJ2mOCQyUuKLcLQsdrMCpBPUi8qVE6+YuaJkozeA9NusTAw3hLr8Xe5EQ==",
      "requires": {
        "fs.realpath": "1.0.0",
        "inflight": "1.0.6",
        "inherits": "2.0.3",
        "minimatch": "3.0.4",
        "once": "1.4.0",
        "path-is-absolute": "1.0.1"
      }
    },
    "graceful-fs": {
      "version": "4.1.11",
      "resolved": "https://registry.npmjs.org/graceful-fs/-/graceful-fs-4.1.11.tgz",
      "integrity": "sha1-Dovf5NHduIVNZOBOp8AOKgJuVlg="
    },
    "growl": {
      "version": "1.10.3",
      "resolved": "https://registry.npmjs.org/growl/-/growl-1.10.3.tgz",
      "integrity": "sha512-hKlsbA5Vu3xsh1Cg3J7jSmX/WaW6A5oBeqzM88oNbCRQFz+zUaXm6yxS4RVytp1scBoJzSYl4YAEOQIt6O8V1Q==",
      "dev": true
    },
    "har-schema": {
      "version": "2.0.0",
      "resolved": "https://registry.npmjs.org/har-schema/-/har-schema-2.0.0.tgz",
      "integrity": "sha1-qUwiJOvKwEeCoNkDVSHyRzW37JI="
    },
    "har-validator": {
      "version": "5.0.3",
      "resolved": "https://registry.npmjs.org/har-validator/-/har-validator-5.0.3.tgz",
      "integrity": "sha1-ukAsJmGU8VlW7xXg/PJCmT9qff0=",
      "requires": {
        "ajv": "5.5.2",
        "har-schema": "2.0.0"
      }
    },
    "has-flag": {
      "version": "2.0.0",
      "resolved": "https://registry.npmjs.org/has-flag/-/has-flag-2.0.0.tgz",
      "integrity": "sha512-P+1n3MnwjR/Epg9BBo1KT8qbye2g2Ou4sFumihwt6I4tsUX7jnLcX4BTOSKg/B1ZrIYMN9FcEnG4x5a7NB8Eng==",
      "dev": true
    },
    "hawk": {
      "version": "6.0.2",
      "resolved": "https://registry.npmjs.org/hawk/-/hawk-6.0.2.tgz",
      "integrity": "sha512-miowhl2+U7Qle4vdLqDdPt9m09K6yZhkLDTWGoUiUzrQCn+mHHSmfJgAyGaLRZbPmTqfFFjRV1QWCW0VWUJBbQ==",
      "requires": {
        "boom": "4.3.1",
        "cryptiles": "3.1.2",
        "hoek": "4.2.1",
        "sntp": "2.1.0"
      }
    },
    "he": {
      "version": "1.1.1",
      "resolved": "https://registry.npmjs.org/he/-/he-1.1.1.tgz",
      "integrity": "sha512-z/GDPjlRMNOa2XJiB4em8wJpuuBfrFOlYKTZxtpkdr1uPdibHI8rYA3MY0KDObpVyaes0e/aunid/t88ZI2EKA==",
      "dev": true
    },
    "hoek": {
      "version": "4.2.1",
      "resolved": "https://registry.npmjs.org/hoek/-/hoek-4.2.1.tgz",
      "integrity": "sha512-QLg82fGkfnJ/4iy1xZ81/9SIJiq1NGFUMGs6ParyjBZr6jW2Ufj/snDqTHixNlHdPNwN2RLVD0Pi3igeK9+JfA=="
    },
    "http-signature": {
      "version": "1.2.0",
      "resolved": "https://registry.npmjs.org/http-signature/-/http-signature-1.2.0.tgz",
      "integrity": "sha1-muzZJRFHcvPZW2WmCruPfBj7rOE=",
      "requires": {
        "assert-plus": "1.0.0",
        "jsprim": "1.4.1",
        "sshpk": "1.13.1"
      }
    },
    "iconv-lite": {
      "version": "0.4.19",
      "resolved": "https://registry.npmjs.org/iconv-lite/-/iconv-lite-0.4.19.tgz",
      "integrity": "sha512-oTZqweIP51xaGPI4uPa56/Pri/480R+mo7SeU+YETByQNhDG55ycFyNLIgta9vXhILrxXDmF7ZGhqZIcuN0gJQ=="
    },
    "image-data-uri": {
      "version": "1.0.1",
      "resolved": "https://registry.npmjs.org/image-data-uri/-/image-data-uri-1.0.1.tgz",
      "integrity": "sha512-QOz38cUb+dUE7wOx1+RuKFILfv8a0qKvoQ5gISWWOhdybTk6cFmpLfmvyeoRW+OWE7rQcyIVea0ehXeTe+Z4EA==",
      "requires": {
        "fs-extra": "0.26.7",
        "magicli": "0.0.8",
        "request": "2.83.0"
      }
    },
    "inflight": {
      "version": "1.0.6",
      "resolved": "https://registry.npmjs.org/inflight/-/inflight-1.0.6.tgz",
      "integrity": "sha1-Sb1jMdfQLQwJvJEKEHW6gWW1bfk=",
      "requires": {
        "once": "1.4.0",
        "wrappy": "1.0.2"
      }
    },
    "inherits": {
      "version": "2.0.3",
      "resolved": "https://registry.npmjs.org/inherits/-/inherits-2.0.3.tgz",
      "integrity": "sha1-Yzwsg+PaQqUC9SRmAiSA9CCCYd4="
    },
    "inspect-function": {
      "version": "0.2.2",
      "resolved": "https://registry.npmjs.org/inspect-function/-/inspect-function-0.2.2.tgz",
      "integrity": "sha1-hdoMUli8TDMK4yg7Z0fgdZ2QpjU=",
      "requires": {
        "split-skip": "0.0.1",
        "unpack-string": "0.0.2"
      },
      "dependencies": {
        "split-skip": {
          "version": "0.0.1",
          "resolved": "https://registry.npmjs.org/split-skip/-/split-skip-0.0.1.tgz",
          "integrity": "sha1-gK2ONumOV2RUzDtmfB3SXYZejwA="
        }
      }
    },
    "inspect-parameters-declaration": {
      "version": "0.0.9",
      "resolved": "https://registry.npmjs.org/inspect-parameters-declaration/-/inspect-parameters-declaration-0.0.9.tgz",
      "integrity": "sha512-c3jrKKA1rwwrsjdGMAo2hFWV0vNe3/RKHxpE/OBt41LP3ynOVI1qmgxpZYK5SQu3jtWCyaho8L7AZzCjJ4mEUw==",
      "requires": {
        "magicli": "0.0.5",
        "split-skip": "0.0.2",
        "stringify-parameters": "0.0.4",
        "unpack-string": "0.0.2"
      },
      "dependencies": {
        "magicli": {
          "version": "0.0.5",
          "resolved": "https://registry.npmjs.org/magicli/-/magicli-0.0.5.tgz",
          "integrity": "sha1-zufQ+7THBRiqyxHsPrfiX/SaSSE=",
          "requires": {
            "commander": "2.14.1",
            "get-stdin": "5.0.1",
            "inspect-function": "0.2.2",
            "pipe-functions": "1.3.0"
          }
        }
      }
    },
    "inspect-property": {
      "version": "0.0.6",
      "resolved": "https://registry.npmjs.org/inspect-property/-/inspect-property-0.0.6.tgz",
      "integrity": "sha512-LgjHkRl9W6bj2n+kWrAOgvCYPTYt+LanE4rtd/vKNq6yEb+SvVV7UTLzoSPpDX6/U1cAz7VfqPr+lPAIz7wHaQ==",
      "requires": {
        "for-each-property": "0.0.4",
        "for-each-property-deep": "0.0.3",
        "inspect-function": "0.3.4"
      },
      "dependencies": {
        "inspect-function": {
          "version": "0.3.4",
          "resolved": "https://registry.npmjs.org/inspect-function/-/inspect-function-0.3.4.tgz",
          "integrity": "sha512-s0RsbJqK/sNZ+U1mykGoTickog3ea1A9Qk4mXniogOBu4PgkkZ56elScO7QC/r8D94lhGmJ2NyDI1ipOA/uq/g==",
          "requires": {
            "inspect-parameters-declaration": "0.0.8",
            "magicli": "0.0.8",
            "split-skip": "0.0.1",
            "stringify-parameters": "0.0.4",
            "unpack-string": "0.0.2"
          }
        },
        "inspect-parameters-declaration": {
          "version": "0.0.8",
          "resolved": "https://registry.npmjs.org/inspect-parameters-declaration/-/inspect-parameters-declaration-0.0.8.tgz",
          "integrity": "sha512-W4QzN1LgFmasKOM+NoLlDd2OAZM3enNZlVUOXoGQKmYBDFgxoPDOyebF55ALaf8avyM9TavNwibXxg347RrzCg==",
          "requires": {
            "magicli": "0.0.5",
            "split-skip": "0.0.2",
            "stringify-parameters": "0.0.4",
            "unpack-string": "0.0.2"
          },
          "dependencies": {
            "inspect-function": {
              "version": "0.2.2",
              "resolved": "https://registry.npmjs.org/inspect-function/-/inspect-function-0.2.2.tgz",
              "integrity": "sha1-hdoMUli8TDMK4yg7Z0fgdZ2QpjU=",
              "requires": {
                "split-skip": "0.0.1",
                "unpack-string": "0.0.2"
              },
              "dependencies": {
                "split-skip": {
                  "version": "0.0.1",
                  "resolved": "https://registry.npmjs.org/split-skip/-/split-skip-0.0.1.tgz",
                  "integrity": "sha1-gK2ONumOV2RUzDtmfB3SXYZejwA="
                }
              }
            },
            "magicli": {
              "version": "0.0.5",
              "resolved": "https://registry.npmjs.org/magicli/-/magicli-0.0.5.tgz",
              "integrity": "sha1-zufQ+7THBRiqyxHsPrfiX/SaSSE=",
              "requires": {
                "commander": "2.14.1",
                "get-stdin": "5.0.1",
                "inspect-function": "0.2.2",
                "pipe-functions": "1.3.0"
              }
            },
            "split-skip": {
              "version": "0.0.2",
              "resolved": "https://registry.npmjs.org/split-skip/-/split-skip-0.0.2.tgz",
              "integrity": "sha1-2J2Iu9L3Pka1FYqjcKVhIk6A1GE="
            }
          }
        },
        "split-skip": {
          "version": "0.0.1",
          "resolved": "https://registry.npmjs.org/split-skip/-/split-skip-0.0.1.tgz",
          "integrity": "sha1-gK2ONumOV2RUzDtmfB3SXYZejwA="
        }
      }
    },
    "is-typedarray": {
      "version": "1.0.0",
      "resolved": "https://registry.npmjs.org/is-typedarray/-/is-typedarray-1.0.0.tgz",
      "integrity": "sha1-5HnICFjfDBsR3dppQPlgEfzaSpo="
    },
    "isstream": {
      "version": "0.1.2",
      "resolved": "https://registry.npmjs.org/isstream/-/isstream-0.1.2.tgz",
      "integrity": "sha1-R+Y/evVa+m+S4VAOaQ64uFKcCZo="
    },
    "jpeg-js": {
      "version": "0.1.2",
      "resolved": "https://registry.npmjs.org/jpeg-js/-/jpeg-js-0.1.2.tgz",
      "integrity": "sha1-E1uZLAV1yYXPoPSUoyJ+0jhYPs4="
    },
    "jsbn": {
      "version": "0.1.1",
      "resolved": "https://registry.npmjs.org/jsbn/-/jsbn-0.1.1.tgz",
      "integrity": "sha1-peZUwuWi3rXyAdls77yoDA7y9RM=",
      "optional": true
    },
    "json-schema": {
      "version": "0.2.3",
      "resolved": "https://registry.npmjs.org/json-schema/-/json-schema-0.2.3.tgz",
      "integrity": "sha1-tIDIkuWaLwWVTOcnvT8qTogvnhM="
    },
    "json-schema-traverse": {
      "version": "0.3.1",
      "resolved": "https://registry.npmjs.org/json-schema-traverse/-/json-schema-traverse-0.3.1.tgz",
      "integrity": "sha1-NJptRMU6Ud6JtAgFxdXlm0F9M0A="
    },
    "json-stringify-safe": {
      "version": "5.0.1",
      "resolved": "https://registry.npmjs.org/json-stringify-safe/-/json-stringify-safe-5.0.1.tgz",
      "integrity": "sha1-Epai1Y/UXxmg9s4B1lcB4sc1tus="
    },
    "jsonfile": {
      "version": "2.4.0",
      "resolved": "https://registry.npmjs.org/jsonfile/-/jsonfile-2.4.0.tgz",
      "integrity": "sha1-NzaitCi4e72gzIO1P6PWM6NcKug=",
      "requires": {
        "graceful-fs": "4.1.11"
      }
    },
    "jsprim": {
      "version": "1.4.1",
      "resolved": "https://registry.npmjs.org/jsprim/-/jsprim-1.4.1.tgz",
      "integrity": "sha1-MT5mvB5cwG5Di8G3SZwuXFastqI=",
      "requires": {
        "assert-plus": "1.0.0",
        "extsprintf": "1.3.0",
        "json-schema": "0.2.3",
        "verror": "1.10.0"
      }
    },
    "klaw": {
      "version": "1.3.1",
      "resolved": "https://registry.npmjs.org/klaw/-/klaw-1.3.1.tgz",
      "integrity": "sha1-QIhDO0azsbolnXh4XY6W9zugJDk=",
      "requires": {
        "graceful-fs": "4.1.11"
      }
    },
    "locate-path": {
      "version": "2.0.0",
      "resolved": "https://registry.npmjs.org/locate-path/-/locate-path-2.0.0.tgz",
      "integrity": "sha1-K1aLJl7slExtnA3pw9u7ygNUzY4=",
      "requires": {
        "p-locate": "2.0.0",
        "path-exists": "3.0.0"
      }
    },
    "lodash.padend": {
      "version": "4.6.1",
      "resolved": "https://registry.npmjs.org/lodash.padend/-/lodash.padend-4.6.1.tgz",
      "integrity": "sha1-U8y6BH0G4VjTEfRdpiX05J5vFm4="
    },
    "magicli": {
      "version": "0.0.8",
      "resolved": "https://registry.npmjs.org/magicli/-/magicli-0.0.8.tgz",
      "integrity": "sha512-x/eBenweAHF+DsYy172sK4doRxZl0yrJnfxhLJiN7H6hPM3Ya0PfI6uBZshZ3ScFFSQD7HXgBqMdbnXKEZsO1g==",
      "requires": {
        "cliss": "0.0.2",
        "find-up": "2.1.0",
        "for-each-property": "0.0.4",
        "inspect-property": "0.0.6"
      }
    },
    "mime-db": {
      "version": "1.33.0",
      "resolved": "https://registry.npmjs.org/mime-db/-/mime-db-1.33.0.tgz",
      "integrity": "sha512-BHJ/EKruNIqJf/QahvxwQZXKygOQ256myeN/Ew+THcAa5q+PjyTTMMeNQC4DZw5AwfvelsUrA6B67NKMqXDbzQ=="
    },
    "mime-types": {
      "version": "2.1.18",
      "resolved": "https://registry.npmjs.org/mime-types/-/mime-types-2.1.18.tgz",
      "integrity": "sha512-lc/aahn+t4/SWV/qcmumYjymLsWfN3ELhpmVuUFjgsORruuZPVSwAQryq+HHGvO/SI2KVX26bx+En+zhM8g8hQ==",
      "requires": {
        "mime-db": "1.33.0"
      }
    },
    "minimatch": {
      "version": "3.0.4",
      "resolved": "https://registry.npmjs.org/minimatch/-/minimatch-3.0.4.tgz",
      "integrity": "sha512-yJHVQEhyqPLUTgt9B83PXu6W3rx4MvvHvSUvToogpwoGDOUQ+yDrR0HRot+yOCdCO7u4hX3pWft6kWBBcqh0UA==",
      "requires": {
        "brace-expansion": "1.1.11"
      }
    },
    "minimist": {
      "version": "0.0.8",
      "resolved": "https://registry.npmjs.org/minimist/-/minimist-0.0.8.tgz",
      "integrity": "sha512-miQKw5Hv4NS1Psg2517mV4e4dYNaO3++hjAvLOAzKqZ61rH8NS1SK+vbfBWZ5PY/Me/bEWhUwqMghEW5Fb9T7Q==",
      "dev": true
    },
    "mkdirp": {
      "version": "0.5.1",
      "resolved": "https://registry.npmjs.org/mkdirp/-/mkdirp-0.5.1.tgz",
      "integrity": "sha512-SknJC52obPfGQPnjIkXbmA6+5H15E+fR+E4iR2oQ3zzCLbd7/ONua69R/Gw7AgkTLsRG+r5fzksYwWe1AgTyWA==",
      "dev": true,
      "requires": {
        "minimist": "0.0.8"
      }
    },
    "mocha": {
      "version": "4.1.0",
      "resolved": "https://registry.npmjs.org/mocha/-/mocha-4.1.0.tgz",
      "integrity": "sha512-0RVnjg1HJsXY2YFDoTNzcc1NKhYuXKRrBAG2gDygmJJA136Cs2QlRliZG1mA0ap7cuaT30mw16luAeln+4RiNA==",
      "dev": true,
      "requires": {
        "browser-stdout": "1.3.0",
        "commander": "2.11.0",
        "debug": "3.1.0",
        "diff": "3.3.1",
        "escape-string-regexp": "1.0.5",
        "glob": "7.1.2",
        "growl": "1.10.3",
        "he": "1.1.1",
        "mkdirp": "0.5.1",
        "supports-color": "4.4.0"
      },
      "dependencies": {
        "commander": {
          "version": "2.11.0",
          "resolved": "https://registry.npmjs.org/commander/-/commander-2.11.0.tgz",
          "integrity": "sha512-b0553uYA5YAEGgyYIGYROzKQ7X5RAqedkfjiZxwi0kL1g3bOaBNNZfYkzt/CL0umgD5wc9Jec2FbB98CjkMRvQ==",
          "dev": true
        }
      }
    },
    "ms": {
      "version": "2.0.0",
      "resolved": "https://registry.npmjs.org/ms/-/ms-2.0.0.tgz",
      "integrity": "sha512-Tpp60P6IUJDTuOq/5Z8cdskzJujfwqfOTkrwIwj7IRISpnkJnT6SyJ4PCPnGMoFjC9ddhal5KVIYtAt97ix05A==",
      "dev": true
    },
    "node-menu": {
      "version": "1.3.0",
      "resolved": "https://registry.npmjs.org/node-menu/-/node-menu-1.3.0.tgz",
      "integrity": "sha1-HkIdWN2mp0q8aRVlDcer7xXjO78=",
      "requires": {
        "underscore": "1.6.0"
      }
    },
    "oauth-sign": {
      "version": "0.8.2",
      "resolved": "https://registry.npmjs.org/oauth-sign/-/oauth-sign-0.8.2.tgz",
      "integrity": "sha1-Rqarfwrq2N6unsBWV4C31O/rnUM="
    },
    "object-to-arguments": {
      "version": "0.0.8",
      "resolved": "https://registry.npmjs.org/object-to-arguments/-/object-to-arguments-0.0.8.tgz",
      "integrity": "sha512-BfWfuAwuhdH1bhMG5EG90WE/eckkBhBvnke8eSEkCDXoLE9Jk5JwYGTbCx1ehGwV48HvBkn62VukPBdlMUOY9w==",
      "requires": {
        "inspect-parameters-declaration": "0.0.10",
        "magicli": "0.0.5",
        "split-skip": "0.0.2",
        "stringify-parameters": "0.0.4",
        "unpack-string": "0.0.2"
      },
      "dependencies": {
        "inspect-parameters-declaration": {
          "version": "0.0.10",
          "resolved": "https://registry.npmjs.org/inspect-parameters-declaration/-/inspect-parameters-declaration-0.0.10.tgz",
          "integrity": "sha512-L8/Bvt9iDXQTZ63xY5/MAyvzz+FagR/qGh1kIXvUpsno3AAE0Z95d6QO51zrcMGaEGpwh/57idfMxTxbvRmytg==",
          "requires": {
            "magicli": "0.0.5",
            "split-skip": "0.0.2",
            "stringify-parameters": "0.0.4",
            "unpack-string": "0.0.2"
          }
        },
        "magicli": {
          "version": "0.0.5",
          "resolved": "https://registry.npmjs.org/magicli/-/magicli-0.0.5.tgz",
          "integrity": "sha1-zufQ+7THBRiqyxHsPrfiX/SaSSE=",
          "requires": {
            "commander": "2.14.1",
            "get-stdin": "5.0.1",
            "inspect-function": "0.2.2",
            "pipe-functions": "1.3.0"
          }
        }
      }
    },
    "once": {
      "version": "1.4.0",
      "resolved": "https://registry.npmjs.org/once/-/once-1.4.0.tgz",
      "integrity": "sha1-WDsap3WWHUsROsF9nFC6753Xa9E=",
      "requires": {
        "wrappy": "1.0.2"
      }
    },
    "p-limit": {
      "version": "1.2.0",
      "resolved": "https://registry.npmjs.org/p-limit/-/p-limit-1.2.0.tgz",
      "integrity": "sha512-Y/OtIaXtUPr4/YpMv1pCL5L5ed0rumAaAeBSj12F+bSlMdys7i8oQF/GUJmfpTS/QoaRrS/k6pma29haJpsMng==",
      "requires": {
        "p-try": "1.0.0"
      }
    },
    "p-locate": {
      "version": "2.0.0",
      "resolved": "https://registry.npmjs.org/p-locate/-/p-locate-2.0.0.tgz",
      "integrity": "sha1-IKAQOyIqcMj9OcwuWAaA893l7EM=",
      "requires": {
        "p-limit": "1.2.0"
      }
    },
    "p-try": {
      "version": "1.0.0",
      "resolved": "https://registry.npmjs.org/p-try/-/p-try-1.0.0.tgz",
      "integrity": "sha1-y8ec26+P1CKOE/Yh8rGiN8GyB7M="
    },
    "path-exists": {
      "version": "3.0.0",
      "resolved": "https://registry.npmjs.org/path-exists/-/path-exists-3.0.0.tgz",
      "integrity": "sha1-zg6+ql94yxiSXqfYENe1mwEP1RU="
    },
    "path-is-absolute": {
      "version": "1.0.1",
      "resolved": "https://registry.npmjs.org/path-is-absolute/-/path-is-absolute-1.0.1.tgz",
      "integrity": "sha1-F0uSaHNVNP+8es5r9TpanhtcX18="
    },
    "performance-now": {
      "version": "2.1.0",
      "resolved": "https://registry.npmjs.org/performance-now/-/performance-now-2.1.0.tgz",
      "integrity": "sha1-Ywn04OX6kT7BxpMHrjZLSzd8nns="
    },
    "pify": {
      "version": "2.3.0",
      "resolved": "https://registry.npmjs.org/pify/-/pify-2.3.0.tgz",
      "integrity": "sha1-7RQaasBDqEnqWISY59yosVMw6Qw="
    },
    "pipe-functions": {
      "version": "1.3.0",
      "resolved": "https://registry.npmjs.org/pipe-functions/-/pipe-functions-1.3.0.tgz",
      "integrity": "sha512-6Rtbp7criZRwedlvWbUYxqlqJoAlMvYHo2UcRWq79xZ54vZcaNHpVBOcWkX3ErT2aUA69tv+uiv4zKJbhD/Wgg=="
    },
    "png-js": {
      "version": "0.1.1",
      "resolved": "https://registry.npmjs.org/png-js/-/png-js-0.1.1.tgz",
      "integrity": "sha1-HMfCEjA6yr50Jj7DrHgAlYAkLZM="
    },
    "png-to-jpeg": {
      "version": "1.0.1",
      "resolved": "https://registry.npmjs.org/png-to-jpeg/-/png-to-jpeg-1.0.1.tgz",
      "integrity": "sha1-FDYsaqrsXqa1L6NQT17MdgtOdCQ=",
      "requires": {
        "jpeg-js": "0.1.2",
        "pify": "2.3.0",
        "png-js": "0.1.1"
      }
    },
    "punycode": {
      "version": "1.4.1",
      "resolved": "https://registry.npmjs.org/punycode/-/punycode-1.4.1.tgz",
      "integrity": "sha1-wNWmOycYgArY4esPpSachN1BhF4="
    },
    "qs": {
      "version": "6.5.1",
      "resolved": "https://registry.npmjs.org/qs/-/qs-6.5.1.tgz",
      "integrity": "sha512-eRzhrN1WSINYCDCbrz796z37LOe3m5tmW7RQf6oBntukAG1nmovJvhnwHHRMAfeoItc1m2Hk02WER2aQ/iqs+A=="
    },
    "reduce-flatten": {
      "version": "1.0.1",
      "resolved": "https://registry.npmjs.org/reduce-flatten/-/reduce-flatten-1.0.1.tgz",
      "integrity": "sha1-JYx479FT3fk8tWEjf2EYTzaW4yc="
    },
    "request": {
      "version": "2.83.0",
      "resolved": "https://registry.npmjs.org/request/-/request-2.83.0.tgz",
      "integrity": "sha512-lR3gD69osqm6EYLk9wB/G1W/laGWjzH90t1vEa2xuxHD5KUrSzp9pUSfTm+YC5Nxt2T8nMPEvKlhbQayU7bgFw==",
      "requires": {
        "aws-sign2": "0.7.0",
        "aws4": "1.6.0",
        "caseless": "0.12.0",
        "combined-stream": "1.0.6",
        "extend": "3.0.1",
        "forever-agent": "0.6.1",
        "form-data": "2.3.2",
        "har-validator": "5.0.3",
        "hawk": "6.0.2",
        "http-signature": "1.2.0",
        "is-typedarray": "1.0.0",
        "isstream": "0.1.2",
        "json-stringify-safe": "5.0.1",
        "mime-types": "2.1.18",
        "oauth-sign": "0.8.2",
        "performance-now": "2.1.0",
        "qs": "6.5.1",
        "safe-buffer": "5.1.1",
        "stringstream": "0.0.5",
        "tough-cookie": "2.3.3",
        "tunnel-agent": "0.6.0",
        "uuid": "3.2.1"
      }
    },
    "rimraf": {
      "version": "2.6.2",
      "resolved": "https://registry.npmjs.org/rimraf/-/rimraf-2.6.2.tgz",
      "integrity": "sha512-lreewLK/BlghmxtfH36YYVg1i8IAce4TI7oao75I1g245+6BctqTVQiBP3YUJ9C6DQOXJmkYR9X9fCLtCOJc5w==",
      "requires": {
        "glob": "7.1.2"
      }
    },
    "run-parallel": {
      "version": "1.1.7",
      "resolved": "https://registry.npmjs.org/run-parallel/-/run-parallel-1.1.7.tgz",
      "integrity": "sha512-nB641a6enJOh0fdsFHR9SiVCiOlAyjMplImDdjV3kWCzJZw9rwzvGwmpGuPmfX//Yxblh0pkzPcFcxA81iwmxA=="
    },
    "safe-buffer": {
      "version": "5.1.1",
      "resolved": "https://registry.npmjs.org/safe-buffer/-/safe-buffer-5.1.1.tgz",
      "integrity": "sha512-kKvNJn6Mm93gAczWVJg7wH+wGYWNrDHdWvpUmHyEsgCtIwwo3bqPtV4tR5tuPaUhTOo/kvhVwd8XwwOllGYkbg=="
    },
    "sntp": {
      "version": "2.1.0",
      "resolved": "https://registry.npmjs.org/sntp/-/sntp-2.1.0.tgz",
      "integrity": "sha512-FL1b58BDrqS3A11lJ0zEdnJ3UOKqVxawAkF3k7F0CVN7VQ34aZrV+G8BZ1WC9ZL7NyrwsW0oviwsWDgRuVYtJg==",
      "requires": {
        "hoek": "4.2.1"
      }
    },
    "split-skip": {
      "version": "0.0.2",
      "resolved": "https://registry.npmjs.org/split-skip/-/split-skip-0.0.2.tgz",
      "integrity": "sha1-2J2Iu9L3Pka1FYqjcKVhIk6A1GE="
    },
    "sshpk": {
      "version": "1.13.1",
      "resolved": "https://registry.npmjs.org/sshpk/-/sshpk-1.13.1.tgz",
      "integrity": "sha1-US322mKHFEMW3EwY/hzx2UBzm+M=",
      "requires": {
        "asn1": "0.2.3",
        "assert-plus": "1.0.0",
        "bcrypt-pbkdf": "1.0.1",
        "dashdash": "1.14.1",
        "ecc-jsbn": "0.1.1",
        "getpass": "0.1.7",
        "jsbn": "0.1.1",
        "tweetnacl": "0.14.5"
      }
    },
    "stringify-parameters": {
      "version": "0.0.4",
      "resolved": "https://registry.npmjs.org/stringify-parameters/-/stringify-parameters-0.0.4.tgz",
      "integrity": "sha512-H3L90ERn5UPtkpO8eugnKcLgpIVlvTyUTrcLGm607AV5JDH6z0GymtNLr3gjGlP6I6NB/mxNX9QpY6jEQGLPdQ==",
      "requires": {
        "magicli": "0.0.5",
        "unpack-string": "0.0.2"
      },
      "dependencies": {
        "magicli": {
          "version": "0.0.5",
          "resolved": "https://registry.npmjs.org/magicli/-/magicli-0.0.5.tgz",
          "integrity": "sha1-zufQ+7THBRiqyxHsPrfiX/SaSSE=",
          "requires": {
            "commander": "2.14.1",
            "get-stdin": "5.0.1",
            "inspect-function": "0.2.2",
            "pipe-functions": "1.3.0"
          }
        }
      }
    },
    "stringstream": {
      "version": "0.0.5",
      "resolved": "https://registry.npmjs.org/stringstream/-/stringstream-0.0.5.tgz",
      "integrity": "sha1-TkhM1N5aC7vuGORjB3EKioFiGHg="
    },
    "strip-ansi": {
      "version": "4.0.0",
      "resolved": "https://registry.npmjs.org/strip-ansi/-/strip-ansi-4.0.0.tgz",
      "integrity": "sha1-qEeQIusaw2iocTibY1JixQXuNo8=",
      "requires": {
        "ansi-regex": "3.0.0"
      }
    },
    "supports-color": {
      "version": "4.4.0",
      "resolved": "https://registry.npmjs.org/supports-color/-/supports-color-4.4.0.tgz",
      "integrity": "sha512-rKC3+DyXWgK0ZLKwmRsrkyHVZAjNkfzeehuFWdGGcqGDTZFH73+RH6S/RDAAxl9GusSjZSUWYLmT9N5pzXFOXQ==",
      "dev": true,
      "requires": {
        "has-flag": "^2.0.0"
      }
    },
    "sync-exec": {
      "version": "0.6.2",
      "resolved": "https://registry.npmjs.org/sync-exec/-/sync-exec-0.6.2.tgz",
      "integrity": "sha1-cX0izFPwzh3vVZQ2LzqJouu5EQU=",
      "optional": true
    },
    "table-layout": {
      "version": "0.4.2",
      "resolved": "https://registry.npmjs.org/table-layout/-/table-layout-0.4.2.tgz",
      "integrity": "sha512-tygyl5+eSHj4chpq5Zfy6cpc7MOUBClAW9ozghFH7hg9bAUzShOYn+/vUzTRkKOSLJWKfgYtP2tAU2c0oAD8eg==",
      "requires": {
        "array-back": "2.0.0",
        "deep-extend": "0.5.0",
        "lodash.padend": "4.6.1",
        "typical": "2.6.1",
        "wordwrapjs": "3.0.0"
      }
    },
    "test-value": {
      "version": "2.1.0",
      "resolved": "https://registry.npmjs.org/test-value/-/test-value-2.1.0.tgz",
      "integrity": "sha1-Edpv9nDzRxpztiXKTz/c97t0gpE=",
      "requires": {
        "array-back": "1.0.4",
        "typical": "2.6.1"
      },
      "dependencies": {
        "array-back": {
          "version": "1.0.4",
          "resolved": "https://registry.npmjs.org/array-back/-/array-back-1.0.4.tgz",
          "integrity": "sha1-ZEun8JX3/898Q7Xw3DnTwfA8Bjs=",
          "requires": {
            "typical": "2.6.1"
          }
        }
      }
    },
    "tough-cookie": {
      "version": "2.3.3",
      "resolved": "https://registry.npmjs.org/tough-cookie/-/tough-cookie-2.3.3.tgz",
      "integrity": "sha1-C2GKVWW23qkL80JdBNVe3EdadWE=",
      "requires": {
        "punycode": "1.4.1"
      }
    },
    "tunnel-agent": {
      "version": "0.6.0",
      "resolved": "https://registry.npmjs.org/tunnel-agent/-/tunnel-agent-0.6.0.tgz",
      "integrity": "sha1-J6XeoGs2sEoKmWZ3SykIaPD8QP0=",
      "requires": {
        "safe-buffer": "5.1.1"
      }
    },
    "tweetnacl": {
      "version": "0.14.5",
      "resolved": "https://registry.npmjs.org/tweetnacl/-/tweetnacl-0.14.5.tgz",
      "integrity": "sha1-WuaBd/GS1EViadEIr6k/+HQ/T2Q=",
      "optional": true
    },
    "typical": {
      "version": "2.6.1",
      "resolved": "https://registry.npmjs.org/typical/-/typical-2.6.1.tgz",
      "integrity": "sha1-XAgOXWYcu+OCWdLnCjxyU+hziB0="
    },
    "underscore": {
      "version": "1.6.0",
      "resolved": "https://registry.npmjs.org/underscore/-/underscore-1.6.0.tgz",
      "integrity": "sha1-izixDKze9jM3uLJOT/htRa6lKag="
    },
    "unpack-string": {
      "version": "0.0.2",
      "resolved": "https://registry.npmjs.org/unpack-string/-/unpack-string-0.0.2.tgz",
      "integrity": "sha1-MC7PCCOLATm9Q0pNf9Z83zPKJ10="
    },
    "uuid": {
      "version": "3.2.1",
      "resolved": "https://registry.npmjs.org/uuid/-/uuid-3.2.1.tgz",
      "integrity": "sha512-jZnMwlb9Iku/O3smGWvZhauCf6cvvpKi4BKRiliS3cxnI+Gz9j5MEpTz2UFuXiKPJocb7gnsLHwiS05ige5BEA=="
    },
    "verror": {
      "version": "1.10.0",
      "resolved": "https://registry.npmjs.org/verror/-/verror-1.10.0.tgz",
      "integrity": "sha1-OhBcoXBTr1XW4nDB+CiGguGNpAA=",
      "requires": {
        "assert-plus": "1.0.0",
        "core-util-is": "1.0.2",
        "extsprintf": "1.3.0"
      }
    },
    "wordwrapjs": {
      "version": "3.0.0",
      "resolved": "https://registry.npmjs.org/wordwrapjs/-/wordwrapjs-3.0.0.tgz",
      "integrity": "sha512-mO8XtqyPvykVCsrwj5MlOVWvSnCdT+C+QVbm6blradR7JExAhbkZ7hZ9A+9NUtwzSqrlUo9a67ws0EiILrvRpw==",
      "requires": {
        "reduce-flatten": "1.0.1",
        "typical": "2.6.1"
      }
    },
    "wrappy": {
      "version": "1.0.2",
      "resolved": "https://registry.npmjs.org/wrappy/-/wrappy-1.0.2.tgz",
      "integrity": "sha1-tSQ9jz7BqjXxNkYFvA0QNuMKtp8="
    },
    "yargs-parser": {
      "version": "7.0.0",
      "resolved": "https://registry.npmjs.org/yargs-parser/-/yargs-parser-7.0.0.tgz",
      "integrity": "sha1-jQrELxbqVd69MyyvTEA4s+P139k=",
      "requires": {
        "camelcase": "4.1.0"
      }
    }
  }
}
